
Microsoft Visual Studio Solution File, Format Version 12.00
# Visual Studio Version 16
VisualStudioVersion = 25.0.1706.7
MinimumVisualStudioVersion = 10.0.40219.1
Project("{FAE04EC0-301F-11D3-BF4B-00C04F79EFBC}") = "TechcareerDotnetBootcamp", "TechcareerDotnetBootcamp.csproj", "{5ABF2CC6-C65D-4D81-A2A2-58F10529524F}"
EndProject
Global
	GlobalSection(SolutionConfigurationPlatforms) = preSolution
		Debug|Any CPU = Debug|Any CPU
		Release|Any CPU = Release|Any CPU
	EndGlobalSection
	GlobalSection(ProjectConfigurationPlatforms) = postSolution
		{5ABF2CC6-C65D-4D81-A2A2-58F10529524F}.Debug|Any CPU.ActiveCfg = Debug|Any CPU
		{5ABF2CC6-C65D-4D81-A2A2-58F10529524F}.Debug|Any CPU.Build.0 = Debug|Any CPU
		{5ABF2CC6-C65D-4D81-A2A2-58F10529524F}.Release|Any CPU.ActiveCfg = Release|Any CPU
		{5ABF2CC6-C65D-4D81-A2A2-58F10529524F}.Release|Any CPU.Build.0 = Release|Any CPU
	EndGlobalSection
	GlobalSection(SolutionProperties) = preSolution
		HideSolutionNode = FALSE
	EndGlobalSection
	GlobalSection(ExtensibilityGlobals) = postSolution
		SolutionGuid = {13AC0B40-2204-4DA5-B683-D42DE718FB15}
	EndGlobalSection
EndGlobal
